
Microsoft Visual Studio Solution File, Format Version 12.00
# Visual Studio Version 17
VisualStudioVersion = 17.1.32407.343
MinimumVisualStudioVersion = 10.0.40219.1
Project("{9A19103F-16F7-4668-BE54-9A1E7A4F7556}") = "JogoDaVelhaForm", "JogoDaVelhaForm\JogoDaVelhaForm.csproj", "{521B991E-5431-45E5-A701-568A48047E48}"
EndProject
Global
	GlobalSection(SolutionConfigurationPlatforms) = preSolution
		Debug|Any CPU = Debug|Any CPU
		Release|Any CPU = Release|Any CPU
	EndGlobalSection
	GlobalSection(ProjectConfigurationPlatforms) = postSolution
		{521B991E-5431-45E5-A701-568A48047E48}.Debug|Any CPU.ActiveCfg = Debug|Any CPU
		{521B991E-5431-45E5-A701-568A48047E48}.Debug|Any CPU.Build.0 = Debug|Any CPU
		{521B991E-5431-45E5-A701-568A48047E48}.Release|Any CPU.ActiveCfg = Release|Any CPU
		{521B991E-5431-45E5-A701-568A48047E48}.Release|Any CPU.Build.0 = Release|Any CPU
	EndGlobalSection
	GlobalSection(SolutionProperties) = preSolution
		HideSolutionNode = FALSE
	EndGlobalSection
	GlobalSection(ExtensibilityGlobals) = postSolution
		SolutionGuid = {2FAE5A61-2F14-4551-8D03-55E1B515F321}
	EndGlobalSection
EndGlobal
